
Microsoft Visual Studio Solution File, Format Version 12.00
# Visual Studio 15
VisualStudioVersion = 15.0.26730.8
MinimumVisualStudioVersion = 10.0.40219.1
Project("{9A19103F-16F7-4668-BE54-9A1E7A4F7556}") = "AzureCoreIntro", "AzureCoreIntro\AzureCoreIntro.csproj", "{5E9CE76D-E4D6-46DD-BC68-3D140DCCE739}"
EndProject
Project("{FAE04EC0-301F-11D3-BF4B-00C04F79EFBC}") = "AzureFunctions", "AzureFunctions\AzureFunctions.csproj", "{DCA59182-2DD1-4A62-9BEA-E3447A4E75F8}"
EndProject
Global
	GlobalSection(SolutionConfigurationPlatforms) = preSolution
		Debug|Any CPU = Debug|Any CPU
		Release|Any CPU = Release|Any CPU
	EndGlobalSection
	GlobalSection(ProjectConfigurationPlatforms) = postSolution
		{5E9CE76D-E4D6-46DD-BC68-3D140DCCE739}.Debug|Any CPU.ActiveCfg = Debug|Any CPU
		{5E9CE76D-E4D6-46DD-BC68-3D140DCCE739}.Debug|Any CPU.Build.0 = Debug|Any CPU
		{5E9CE76D-E4D6-46DD-BC68-3D140DCCE739}.Release|Any CPU.ActiveCfg = Release|Any CPU
		{5E9CE76D-E4D6-46DD-BC68-3D140DCCE739}.Release|Any CPU.Build.0 = Release|Any CPU
		{DCA59182-2DD1-4A62-9BEA-E3447A4E75F8}.Debug|Any CPU.ActiveCfg = Debug|Any CPU
		{DCA59182-2DD1-4A62-9BEA-E3447A4E75F8}.Debug|Any CPU.Build.0 = Debug|Any CPU
		{DCA59182-2DD1-4A62-9BEA-E3447A4E75F8}.Release|Any CPU.ActiveCfg = Release|Any CPU
		{DCA59182-2DD1-4A62-9BEA-E3447A4E75F8}.Release|Any CPU.Build.0 = Release|Any CPU
	EndGlobalSection
	GlobalSection(SolutionProperties) = preSolution
		HideSolutionNode = FALSE
	EndGlobalSection
	GlobalSection(ExtensibilityGlobals) = postSolution
		SolutionGuid = {DD5C8D48-1AC3-42D5-8E62-35B29AB6BEB4}
	EndGlobalSection
EndGlobal
